// !$*UTF8*$!
{
	archiveVersion = 1;
	classes = {
	};
	objectVersion = 46;
	objects = {

/* Begin PBXBuildFile section */
		9117005B1E94E74D0069CFF1 /* NewLogViewController.swift in Sources */ = {isa = PBXBuildFile; fileRef = 9117005A1E94E74D0069CFF1 /* NewLogViewController.swift */; };
		914A19611E8B69D60065BC76 /* FUIAuthViewController.swift in Sources */ = {isa = PBXBuildFile; fileRef = 914A19531E8B69D50065BC76 /* FUIAuthViewController.swift */; };
		914A19621E8B69D60065BC76 /* FUICustomAuthPickerViewController.swift in Sources */ = {isa = PBXBuildFile; fileRef = 914A19541E8B69D50065BC76 /* FUICustomAuthPickerViewController.swift */; };
		914A19631E8B69D60065BC76 /* FUICustomAuthPickerViewController.xib in Resources */ = {isa = PBXBuildFile; fileRef = 914A19551E8B69D50065BC76 /* FUICustomAuthPickerViewController.xib */; };
		914A19641E8B69D60065BC76 /* FUICustomAuthUIDelegate.swift in Sources */ = {isa = PBXBuildFile; fileRef = 914A19561E8B69D50065BC76 /* FUICustomAuthUIDelegate.swift */; };
		914A19651E8B69D60065BC76 /* FUICustomEmailEntryViewController.swift in Sources */ = {isa = PBXBuildFile; fileRef = 914A19571E8B69D50065BC76 /* FUICustomEmailEntryViewController.swift */; };
		914A19661E8B69D60065BC76 /* FUICustomEmailEntryViewController.xib in Resources */ = {isa = PBXBuildFile; fileRef = 914A19581E8B69D50065BC76 /* FUICustomEmailEntryViewController.xib */; };
		914A19671E8B69D60065BC76 /* FUICustomPasswordRecoveryViewController.swift in Sources */ = {isa = PBXBuildFile; fileRef = 914A19591E8B69D50065BC76 /* FUICustomPasswordRecoveryViewController.swift */; };
		914A19681E8B69D60065BC76 /* FUICustomPasswordRecoveryViewController.xib in Resources */ = {isa = PBXBuildFile; fileRef = 914A195A1E8B69D50065BC76 /* FUICustomPasswordRecoveryViewController.xib */; };
		914A19691E8B69D60065BC76 /* FUICustomPasswordSignInViewController.swift in Sources */ = {isa = PBXBuildFile; fileRef = 914A195B1E8B69D50065BC76 /* FUICustomPasswordSignInViewController.swift */; };
		914A196A1E8B69D60065BC76 /* FUICustomPasswordSignInViewController.xib in Resources */ = {isa = PBXBuildFile; fileRef = 914A195C1E8B69D50065BC76 /* FUICustomPasswordSignInViewController.xib */; };
		914A196B1E8B69D60065BC76 /* FUICustomPasswordSignUpViewController.swift in Sources */ = {isa = PBXBuildFile; fileRef = 914A195D1E8B69D60065BC76 /* FUICustomPasswordSignUpViewController.swift */; };
		914A196C1E8B69D60065BC76 /* FUICustomPasswordSignUpViewController.xib in Resources */ = {isa = PBXBuildFile; fileRef = 914A195E1E8B69D60065BC76 /* FUICustomPasswordSignUpViewController.xib */; };
		914A196D1E8B69D60065BC76 /* FUICustomPasswordVerificationViewController.swift in Sources */ = {isa = PBXBuildFile; fileRef = 914A195F1E8B69D60065BC76 /* FUICustomPasswordVerificationViewController.swift */; };
		914A196E1E8B69D60065BC76 /* FUICustomPasswordVerificationViewController.xib in Resources */ = {isa = PBXBuildFile; fileRef = 914A19601E8B69D60065BC76 /* FUICustomPasswordVerificationViewController.xib */; };
		914A19721E8B88C20065BC76 /* GoogleService-Info.plist in Resources */ = {isa = PBXBuildFile; fileRef = 914A19711E8B88C20065BC76 /* GoogleService-Info.plist */; };
		914CB2FB1E8F876300600FE3 /* TimerLog.swift in Sources */ = {isa = PBXBuildFile; fileRef = 914CB2FA1E8F876300600FE3 /* TimerLog.swift */; };
		915D1C411E924ED800B790F7 /* CustomCell.swift in Sources */ = {isa = PBXBuildFile; fileRef = 915D1C401E924ED800B790F7 /* CustomCell.swift */; };
		91947B301E8CACFC0083F268 /* TimerViewController.swift in Sources */ = {isa = PBXBuildFile; fileRef = 91947B2F1E8CACFC0083F268 /* TimerViewController.swift */; };
		91947B321E8CC5CD0083F268 /* Constants.swift in Sources */ = {isa = PBXBuildFile; fileRef = 91947B311E8CC5CD0083F268 /* Constants.swift */; };
		91947B341E8CC9380083F268 /* TimerButton.swift in Sources */ = {isa = PBXBuildFile; fileRef = 91947B331E8CC9380083F268 /* TimerButton.swift */; };
		9195A5E01E95F228002F3EB2 /* EditUserViewController.swift in Sources */ = {isa = PBXBuildFile; fileRef = 9195A5DF1E95F228002F3EB2 /* EditUserViewController.swift */; };
		9195A5E41E966014002F3EB2 /* AddFriendViewCell.swift in Sources */ = {isa = PBXBuildFile; fileRef = 9195A5E31E966014002F3EB2 /* AddFriendViewCell.swift */; };
		91AB8A6E1E950C6800C09235 /* Util.swift in Sources */ = {isa = PBXBuildFile; fileRef = 91AB8A6D1E950C6800C09235 /* Util.swift */; };
		91AB8A701E954A6D00C09235 /* User.swift in Sources */ = {isa = PBXBuildFile; fileRef = 91AB8A6F1E954A6D00C09235 /* User.swift */; };
		91AB8A721E9554EA00C09235 /* AddFriendViewController.swift in Sources */ = {isa = PBXBuildFile; fileRef = 91AB8A711E9554EA00C09235 /* AddFriendViewController.swift */; };
		91AB8A741E95551500C09235 /* UserViewController.swift in Sources */ = {isa = PBXBuildFile; fileRef = 91AB8A731E95551500C09235 /* UserViewController.swift */; };
		91AB8A761E95553F00C09235 /* ViewFriendsViewController.swift in Sources */ = {isa = PBXBuildFile; fileRef = 91AB8A751E95553F00C09235 /* ViewFriendsViewController.swift */; };
		91AFC47E1E8AA9730022D220 /* AppDelegate.swift in Sources */ = {isa = PBXBuildFile; fileRef = 91AFC47D1E8AA9730022D220 /* AppDelegate.swift */; };
		91AFC4831E8AA9730022D220 /* Main.storyboard in Resources */ = {isa = PBXBuildFile; fileRef = 91AFC4811E8AA9730022D220 /* Main.storyboard */; };
		91AFC4861E8AA9740022D220 /* domei.xcdatamodeld in Sources */ = {isa = PBXBuildFile; fileRef = 91AFC4841E8AA9730022D220 /* domei.xcdatamodeld */; };
		91AFC4881E8AA9740022D220 /* Assets.xcassets in Resources */ = {isa = PBXBuildFile; fileRef = 91AFC4871E8AA9740022D220 /* Assets.xcassets */; };
		91AFC48B1E8AA9740022D220 /* LaunchScreen.storyboard in Resources */ = {isa = PBXBuildFile; fileRef = 91AFC4891E8AA9740022D220 /* LaunchScreen.storyboard */; };
		91AFC4B51E8AAD570022D220 /* MainViewController.swift in Sources */ = {isa = PBXBuildFile; fileRef = 91AFC4B41E8AAD570022D220 /* MainViewController.swift */; };
		91DA98AA1E8D028A00801C59 /* CellView.xib in Resources */ = {isa = PBXBuildFile; fileRef = 91DA98A91E8D028A00801C59 /* CellView.xib */; };
		91DA98AC1E8D02E200801C59 /* CellView.swift in Sources */ = {isa = PBXBuildFile; fileRef = 91DA98AB1E8D02E200801C59 /* CellView.swift */; };
		91DA98AE1E8D05E700801C59 /* LogViewController.swift in Sources */ = {isa = PBXBuildFile; fileRef = 91DA98AD1E8D05E700801C59 /* LogViewController.swift */; };
		91F769C11E968250006D5463 /* HomeViewController.swift in Sources */ = {isa = PBXBuildFile; fileRef = 91F769C01E968250006D5463 /* HomeViewController.swift */; };
		91F769C31E96835A006D5463 /* MainCell.swift in Sources */ = {isa = PBXBuildFile; fileRef = 91F769C21E96835A006D5463 /* MainCell.swift */; };
		91F769C71E96BACA006D5463 /* Status.swift in Sources */ = {isa = PBXBuildFile; fileRef = 91F769C61E96BACA006D5463 /* Status.swift */; };
		EC4B0A9A3A1AF8C1ED026B8F /* Pods_domei.framework in Frameworks */ = {isa = PBXBuildFile; fileRef = 42CC45576B6A908A8719B2A1 /* Pods_domei.framework */; };
/* End PBXBuildFile section */

/* Begin PBXFileReference section */
		36DDD712208C8363FF49AF4F /* Pods-domei.release.xcconfig */ = {isa = PBXFileReference; includeInIndex = 1; lastKnownFileType = text.xcconfig; name = "Pods-domei.release.xcconfig"; path = "Pods/Target Support Files/Pods-domei/Pods-domei.release.xcconfig"; sourceTree = "<group>"; };
		42CC45576B6A908A8719B2A1 /* Pods_domei.framework */ = {isa = PBXFileReference; explicitFileType = wrapper.framework; includeInIndex = 0; path = Pods_domei.framework; sourceTree = BUILT_PRODUCTS_DIR; };
		9117005A1E94E74D0069CFF1 /* NewLogViewController.swift */ = {isa = PBXFileReference; fileEncoding = 4; lastKnownFileType = sourcecode.swift; path = NewLogViewController.swift; sourceTree = "<group>"; };
		914A194E1E8ABA260065BC76 /* domei.entitlements */ = {isa = PBXFileReference; lastKnownFileType = text.plist.entitlements; path = domei.entitlements; sourceTree = "<group>"; };
		914A19531E8B69D50065BC76 /* FUIAuthViewController.swift */ = {isa = PBXFileReference; fileEncoding = 4; lastKnownFileType = sourcecode.swift; path = FUIAuthViewController.swift; sourceTree = "<group>"; };
		914A19541E8B69D50065BC76 /* FUICustomAuthPickerViewController.swift */ = {isa = PBXFileReference; fileEncoding = 4; lastKnownFileType = sourcecode.swift; path = FUICustomAuthPickerViewController.swift; sourceTree = "<group>"; };
		914A19551E8B69D50065BC76 /* FUICustomAuthPickerViewController.xib */ = {isa = PBXFileReference; fileEncoding = 4; lastKnownFileType = file.xib; path = FUICustomAuthPickerViewController.xib; sourceTree = "<group>"; };
		914A19561E8B69D50065BC76 /* FUICustomAuthUIDelegate.swift */ = {isa = PBXFileReference; fileEncoding = 4; lastKnownFileType = sourcecode.swift; path = FUICustomAuthUIDelegate.swift; sourceTree = "<group>"; };
		914A19571E8B69D50065BC76 /* FUICustomEmailEntryViewController.swift */ = {isa = PBXFileReference; fileEncoding = 4; lastKnownFileType = sourcecode.swift; path = FUICustomEmailEntryViewController.swift; sourceTree = "<group>"; };
		914A19581E8B69D50065BC76 /* FUICustomEmailEntryViewController.xib */ = {isa = PBXFileReference; fileEncoding = 4; lastKnownFileType = file.xib; path = FUICustomEmailEntryViewController.xib; sourceTree = "<group>"; };
		914A19591E8B69D50065BC76 /* FUICustomPasswordRecoveryViewController.swift */ = {isa = PBXFileReference; fileEncoding = 4; lastKnownFileType = sourcecode.swift; path = FUICustomPasswordRecoveryViewController.swift; sourceTree = "<group>"; };
		914A195A1E8B69D50065BC76 /* FUICustomPasswordRecoveryViewController.xib */ = {isa = PBXFileReference; fileEncoding = 4; lastKnownFileType = file.xib; path = FUICustomPasswordRecoveryViewController.xib; sourceTree = "<group>"; };
		914A195B1E8B69D50065BC76 /* FUICustomPasswordSignInViewController.swift */ = {isa = PBXFileReference; fileEncoding = 4; lastKnownFileType = sourcecode.swift; path = FUICustomPasswordSignInViewController.swift; sourceTree = "<group>"; };
		914A195C1E8B69D50065BC76 /* FUICustomPasswordSignInViewController.xib */ = {isa = PBXFileReference; fileEncoding = 4; lastKnownFileType = file.xib; path = FUICustomPasswordSignInViewController.xib; sourceTree = "<group>"; };
		914A195D1E8B69D60065BC76 /* FUICustomPasswordSignUpViewController.swift */ = {isa = PBXFileReference; fileEncoding = 4; lastKnownFileType = sourcecode.swift; path = FUICustomPasswordSignUpViewController.swift; sourceTree = "<group>"; };
		914A195E1E8B69D60065BC76 /* FUICustomPasswordSignUpViewController.xib */ = {isa = PBXFileReference; fileEncoding = 4; lastKnownFileType = file.xib; path = FUICustomPasswordSignUpViewController.xib; sourceTree = "<group>"; };
		914A195F1E8B69D60065BC76 /* FUICustomPasswordVerificationViewController.swift */ = {isa = PBXFileReference; fileEncoding = 4; lastKnownFileType = sourcecode.swift; path = FUICustomPasswordVerificationViewController.swift; sourceTree = "<group>"; };
		914A19601E8B69D60065BC76 /* FUICustomPasswordVerificationViewController.xib */ = {isa = PBXFileReference; fileEncoding = 4; lastKnownFileType = file.xib; path = FUICustomPasswordVerificationViewController.xib; sourceTree = "<group>"; };
		914A196F1E8B7A0B0065BC76 /* FirebaseAuthUI.framework */ = {isa = PBXFileReference; lastKnownFileType = wrapper.framework; name = FirebaseAuthUI.framework; path = Pods/FirebaseUI/FirebaseUIFrameworks/FirebaseAuthUI/Frameworks/FirebaseAuthUI.framework; sourceTree = "<group>"; };
		914A19711E8B88C20065BC76 /* GoogleService-Info.plist */ = {isa = PBXFileReference; fileEncoding = 4; lastKnownFileType = text.plist.xml; path = "GoogleService-Info.plist"; sourceTree = "<group>"; };
		914A19731E8B8A5D0065BC76 /* Info.plist */ = {isa = PBXFileReference; fileEncoding = 4; lastKnownFileType = text.plist.xml; path = Info.plist; sourceTree = "<group>"; };
		914CB2FA1E8F876300600FE3 /* TimerLog.swift */ = {isa = PBXFileReference; fileEncoding = 4; lastKnownFileType = sourcecode.swift; path = TimerLog.swift; sourceTree = "<group>"; };
		915D1C401E924ED800B790F7 /* CustomCell.swift */ = {isa = PBXFileReference; fileEncoding = 4; lastKnownFileType = sourcecode.swift; path = CustomCell.swift; sourceTree = "<group>"; };
		91947B2F1E8CACFC0083F268 /* TimerViewController.swift */ = {isa = PBXFileReference; fileEncoding = 4; lastKnownFileType = sourcecode.swift; path = TimerViewController.swift; sourceTree = "<group>"; };
		91947B311E8CC5CD0083F268 /* Constants.swift */ = {isa = PBXFileReference; fileEncoding = 4; lastKnownFileType = sourcecode.swift; path = Constants.swift; sourceTree = "<group>"; };
		91947B331E8CC9380083F268 /* TimerButton.swift */ = {isa = PBXFileReference; fileEncoding = 4; lastKnownFileType = sourcecode.swift; path = TimerButton.swift; sourceTree = "<group>"; };
		9195A5DF1E95F228002F3EB2 /* EditUserViewController.swift */ = {isa = PBXFileReference; fileEncoding = 4; lastKnownFileType = sourcecode.swift; path = EditUserViewController.swift; sourceTree = "<group>"; };
		9195A5E31E966014002F3EB2 /* AddFriendViewCell.swift */ = {isa = PBXFileReference; fileEncoding = 4; lastKnownFileType = sourcecode.swift; path = AddFriendViewCell.swift; sourceTree = "<group>"; };
		91AB8A6D1E950C6800C09235 /* Util.swift */ = {isa = PBXFileReference; fileEncoding = 4; lastKnownFileType = sourcecode.swift; path = Util.swift; sourceTree = "<group>"; };
		91AB8A6F1E954A6D00C09235 /* User.swift */ = {isa = PBXFileReference; fileEncoding = 4; lastKnownFileType = sourcecode.swift; path = User.swift; sourceTree = "<group>"; };
		91AB8A711E9554EA00C09235 /* AddFriendViewController.swift */ = {isa = PBXFileReference; fileEncoding = 4; lastKnownFileType = sourcecode.swift; path = AddFriendViewController.swift; sourceTree = "<group>"; };
		91AB8A731E95551500C09235 /* UserViewController.swift */ = {isa = PBXFileReference; fileEncoding = 4; lastKnownFileType = sourcecode.swift; path = UserViewController.swift; sourceTree = "<group>"; };
		91AB8A751E95553F00C09235 /* ViewFriendsViewController.swift */ = {isa = PBXFileReference; fileEncoding = 4; lastKnownFileType = sourcecode.swift; path = ViewFriendsViewController.swift; sourceTree = "<group>"; };
		91AFC47A1E8AA9730022D220 /* domei.app */ = {isa = PBXFileReference; explicitFileType = wrapper.application; includeInIndex = 0; path = domei.app; sourceTree = BUILT_PRODUCTS_DIR; };
		91AFC47D1E8AA9730022D220 /* AppDelegate.swift */ = {isa = PBXFileReference; lastKnownFileType = sourcecode.swift; path = AppDelegate.swift; sourceTree = "<group>"; };
		91AFC4821E8AA9730022D220 /* Base */ = {isa = PBXFileReference; lastKnownFileType = file.storyboard; name = Base; path = Base.lproj/Main.storyboard; sourceTree = "<group>"; };
		91AFC4851E8AA9730022D220 /* domei.xcdatamodel */ = {isa = PBXFileReference; lastKnownFileType = wrapper.xcdatamodel; path = domei.xcdatamodel; sourceTree = "<group>"; };
		91AFC4871E8AA9740022D220 /* Assets.xcassets */ = {isa = PBXFileReference; lastKnownFileType = folder.assetcatalog; path = Assets.xcassets; sourceTree = "<group>"; };
		91AFC48A1E8AA9740022D220 /* Base */ = {isa = PBXFileReference; lastKnownFileType = file.storyboard; name = Base; path = Base.lproj/LaunchScreen.storyboard; sourceTree = "<group>"; };
		91AFC4B41E8AAD570022D220 /* MainViewController.swift */ = {isa = PBXFileReference; fileEncoding = 4; lastKnownFileType = sourcecode.swift; path = MainViewController.swift; sourceTree = "<group>"; };
		91DA98A91E8D028A00801C59 /* CellView.xib */ = {isa = PBXFileReference; fileEncoding = 4; lastKnownFileType = file.xib; path = CellView.xib; sourceTree = "<group>"; };
		91DA98AB1E8D02E200801C59 /* CellView.swift */ = {isa = PBXFileReference; fileEncoding = 4; lastKnownFileType = sourcecode.swift; path = CellView.swift; sourceTree = "<group>"; };
		91DA98AD1E8D05E700801C59 /* LogViewController.swift */ = {isa = PBXFileReference; fileEncoding = 4; lastKnownFileType = sourcecode.swift; path = LogViewController.swift; sourceTree = "<group>"; };
		91F769C01E968250006D5463 /* HomeViewController.swift */ = {isa = PBXFileReference; fileEncoding = 4; lastKnownFileType = sourcecode.swift; path = HomeViewController.swift; sourceTree = "<group>"; };
		91F769C21E96835A006D5463 /* MainCell.swift */ = {isa = PBXFileReference; fileEncoding = 4; lastKnownFileType = sourcecode.swift; path = MainCell.swift; sourceTree = "<group>"; };
		91F769C61E96BACA006D5463 /* Status.swift */ = {isa = PBXFileReference; fileEncoding = 4; lastKnownFileType = sourcecode.swift; path = Status.swift; sourceTree = "<group>"; };
		D8A9C3760DBA3043E4DB46F4 /* Pods-domei.debug.xcconfig */ = {isa = PBXFileReference; includeInIndex = 1; lastKnownFileType = text.xcconfig; name = "Pods-domei.debug.xcconfig"; path = "Pods/Target Support Files/Pods-domei/Pods-domei.debug.xcconfig"; sourceTree = "<group>"; };
/* End PBXFileReference section */

/* Begin PBXFrameworksBuildPhase section */
		91AFC4771E8AA9730022D220 /* Frameworks */ = {
			isa = PBXFrameworksBuildPhase;
			buildActionMask = 2147483647;
			files = (
				EC4B0A9A3A1AF8C1ED026B8F /* Pods_domei.framework in Frameworks */,
			);
			runOnlyForDeploymentPostprocessing = 0;
		};
/* End PBXFrameworksBuildPhase section */

/* Begin PBXGroup section */
		81826FAB8329E6344673B45C /* Pods */ = {
			isa = PBXGroup;
			children = (
				D8A9C3760DBA3043E4DB46F4 /* Pods-domei.debug.xcconfig */,
				36DDD712208C8363FF49AF4F /* Pods-domei.release.xcconfig */,
			);
			name = Pods;
			sourceTree = "<group>";
		};
		8355E322A0FBFEDE45132D84 /* Frameworks */ = {
			isa = PBXGroup;
			children = (
				914A196F1E8B7A0B0065BC76 /* FirebaseAuthUI.framework */,
				42CC45576B6A908A8719B2A1 /* Pods_domei.framework */,
			);
			name = Frameworks;
			sourceTree = "<group>";
		};
		914A19521E8B69D50065BC76 /* Auth */ = {
			isa = PBXGroup;
			children = (
				914A19531E8B69D50065BC76 /* FUIAuthViewController.swift */,
				914A19541E8B69D50065BC76 /* FUICustomAuthPickerViewController.swift */,
				914A19551E8B69D50065BC76 /* FUICustomAuthPickerViewController.xib */,
				914A19561E8B69D50065BC76 /* FUICustomAuthUIDelegate.swift */,
				914A19571E8B69D50065BC76 /* FUICustomEmailEntryViewController.swift */,
				914A19581E8B69D50065BC76 /* FUICustomEmailEntryViewController.xib */,
				914A19591E8B69D50065BC76 /* FUICustomPasswordRecoveryViewController.swift */,
				914A195A1E8B69D50065BC76 /* FUICustomPasswordRecoveryViewController.xib */,
				914A195B1E8B69D50065BC76 /* FUICustomPasswordSignInViewController.swift */,
				914A195C1E8B69D50065BC76 /* FUICustomPasswordSignInViewController.xib */,
				914A195D1E8B69D60065BC76 /* FUICustomPasswordSignUpViewController.swift */,
				914A195E1E8B69D60065BC76 /* FUICustomPasswordSignUpViewController.xib */,
				914A195F1E8B69D60065BC76 /* FUICustomPasswordVerificationViewController.swift */,
				914A19601E8B69D60065BC76 /* FUICustomPasswordVerificationViewController.xib */,
			);
			name = Auth;
			path = ../../../Documents/domei/Auth;
			sourceTree = "<group>";
		};
		914CB2F91E8F875700600FE3 /* Models */ = {
			isa = PBXGroup;
			children = (
				914CB2FA1E8F876300600FE3 /* TimerLog.swift */,
				91AB8A6F1E954A6D00C09235 /* User.swift */,
				91F769C61E96BACA006D5463 /* Status.swift */,
			);
			name = Models;
			sourceTree = "<group>";
		};
		91947B351E8CD3770083F268 /* ViewController */ = {
			isa = PBXGroup;
			children = (
				91AFC4B41E8AAD570022D220 /* MainViewController.swift */,
				91947B2F1E8CACFC0083F268 /* TimerViewController.swift */,
				91DA98AD1E8D05E700801C59 /* LogViewController.swift */,
				9117005A1E94E74D0069CFF1 /* NewLogViewController.swift */,
				91AB8A711E9554EA00C09235 /* AddFriendViewController.swift */,
				91AB8A731E95551500C09235 /* UserViewController.swift */,
				91AB8A751E95553F00C09235 /* ViewFriendsViewController.swift */,
				9195A5DF1E95F228002F3EB2 /* EditUserViewController.swift */,
				91F769C01E968250006D5463 /* HomeViewController.swift */,
			);
			name = ViewController;
			sourceTree = "<group>";
		};
		9195A5E51E96601D002F3EB2 /* CustomCells */ = {
			isa = PBXGroup;
			children = (
				915D1C401E924ED800B790F7 /* CustomCell.swift */,
				9195A5E31E966014002F3EB2 /* AddFriendViewCell.swift */,
				91947B331E8CC9380083F268 /* TimerButton.swift */,
				91F769C21E96835A006D5463 /* MainCell.swift */,
			);
			name = CustomCells;
			sourceTree = "<group>";
		};
		91AFC4711E8AA9730022D220 = {
			isa = PBXGroup;
			children = (
				91AFC47C1E8AA9730022D220 /* domei */,
				91AFC47B1E8AA9730022D220 /* Products */,
				81826FAB8329E6344673B45C /* Pods */,
				8355E322A0FBFEDE45132D84 /* Frameworks */,
			);
			sourceTree = "<group>";
		};
		91AFC47B1E8AA9730022D220 /* Products */ = {
			isa = PBXGroup;
			children = (
				91AFC47A1E8AA9730022D220 /* domei.app */,
			);
			name = Products;
			sourceTree = "<group>";
		};
		91AFC47C1E8AA9730022D220 /* domei */ = {
			isa = PBXGroup;
			children = (
				9195A5E51E96601D002F3EB2 /* CustomCells */,
				914CB2F91E8F875700600FE3 /* Models */,
				91DA98A81E8D026100801C59 /* CalendarView */,
				91947B351E8CD3770083F268 /* ViewController */,
				914A19521E8B69D50065BC76 /* Auth */,
				914A194E1E8ABA260065BC76 /* domei.entitlements */,
				91947B311E8CC5CD0083F268 /* Constants.swift */,
				91AB8A6D1E950C6800C09235 /* Util.swift */,
				91AFC47D1E8AA9730022D220 /* AppDelegate.swift */,
				91AFC4811E8AA9730022D220 /* Main.storyboard */,
				91AFC4891E8AA9740022D220 /* LaunchScreen.storyboard */,
				91AFC4871E8AA9740022D220 /* Assets.xcassets */,
				91AFC4841E8AA9730022D220 /* domei.xcdatamodeld */,
				914A19731E8B8A5D0065BC76 /* Info.plist */,
				914A19711E8B88C20065BC76 /* GoogleService-Info.plist */,
			);
			path = domei;
			sourceTree = "<group>";
		};
		91DA98A81E8D026100801C59 /* CalendarView */ = {
			isa = PBXGroup;
			children = (
				91DA98A91E8D028A00801C59 /* CellView.xib */,
				91DA98AB1E8D02E200801C59 /* CellView.swift */,
			);
			name = CalendarView;
			sourceTree = "<group>";
		};
/* End PBXGroup section */

/* Begin PBXNativeTarget section */
		91AFC4791E8AA9730022D220 /* domei */ = {
			isa = PBXNativeTarget;
			buildConfigurationList = 91AFC48F1E8AA9740022D220 /* Build configuration list for PBXNativeTarget "domei" */;
			buildPhases = (
				D41984A263033AD41CE8BC8A /* [CP] Check Pods Manifest.lock */,
				91AFC4761E8AA9730022D220 /* Sources */,
				91AFC4771E8AA9730022D220 /* Frameworks */,
				91AFC4781E8AA9730022D220 /* Resources */,
				FEFE7E4A930561B1502E9C6C /* [CP] Embed Pods Frameworks */,
				B1F8A8A1F3D6CACE530DB97F /* [CP] Copy Pods Resources */,
			);
			buildRules = (
			);
			dependencies = (
			);
			name = domei;
			productName = domei;
			productReference = 91AFC47A1E8AA9730022D220 /* domei.app */;
			productType = "com.apple.product-type.application";
		};
/* End PBXNativeTarget section */

/* Begin PBXProject section */
		91AFC4721E8AA9730022D220 /* Project object */ = {
			isa = PBXProject;
			attributes = {
				LastSwiftUpdateCheck = 0820;
				LastUpgradeCheck = 0820;
				ORGANIZATIONNAME = kurifu;
				TargetAttributes = {
					91AFC4791E8AA9730022D220 = {
						CreatedOnToolsVersion = 8.2.1;
						DevelopmentTeam = JEQYEJ6K3Z;
						ProvisioningStyle = Automatic;
						SystemCapabilities = {
							com.apple.Keychain = {
								enabled = 1;
							};
						};
					};
				};
			};
			buildConfigurationList = 91AFC4751E8AA9730022D220 /* Build configuration list for PBXProject "domei" */;
			compatibilityVersion = "Xcode 3.2";
			developmentRegion = English;
			hasScannedForEncodings = 0;
			knownRegions = (
				en,
				Base,
			);
			mainGroup = 91AFC4711E8AA9730022D220;
			productRefGroup = 91AFC47B1E8AA9730022D220 /* Products */;
			projectDirPath = "";
			projectRoot = "";
			targets = (
				91AFC4791E8AA9730022D220 /* domei */,
			);
		};
/* End PBXProject section */

/* Begin PBXResourcesBuildPhase section */
		91AFC4781E8AA9730022D220 /* Resources */ = {
			isa = PBXResourcesBuildPhase;
			buildActionMask = 2147483647;
			files = (
				91AFC48B1E8AA9740022D220 /* LaunchScreen.storyboard in Resources */,
				914A196E1E8B69D60065BC76 /* FUICustomPasswordVerificationViewController.xib in Resources */,
				914A19661E8B69D60065BC76 /* FUICustomEmailEntryViewController.xib in Resources */,
				914A196A1E8B69D60065BC76 /* FUICustomPasswordSignInViewController.xib in Resources */,
				91DA98AA1E8D028A00801C59 /* CellView.xib in Resources */,
				914A19631E8B69D60065BC76 /* FUICustomAuthPickerViewController.xib in Resources */,
				914A19681E8B69D60065BC76 /* FUICustomPasswordRecoveryViewController.xib in Resources */,
				91AFC4881E8AA9740022D220 /* Assets.xcassets in Resources */,
				914A19721E8B88C20065BC76 /* GoogleService-Info.plist in Resources */,
				914A196C1E8B69D60065BC76 /* FUICustomPasswordSignUpViewController.xib in Resources */,
				91AFC4831E8AA9730022D220 /* Main.storyboard in Resources */,
			);
			runOnlyForDeploymentPostprocessing = 0;
		};
/* End PBXResourcesBuildPhase section */

/* Begin PBXShellScriptBuildPhase section */
		B1F8A8A1F3D6CACE530DB97F /* [CP] Copy Pods Resources */ = {
			isa = PBXShellScriptBuildPhase;
			buildActionMask = 2147483647;
			files = (
			);
			inputPaths = (
			);
			name = "[CP] Copy Pods Resources";
			outputPaths = (
			);
			runOnlyForDeploymentPostprocessing = 0;
			shellPath = /bin/sh;
			shellScript = "\"${SRCROOT}/Pods/Target Support Files/Pods-domei/Pods-domei-resources.sh\"\n";
			showEnvVarsInLog = 0;
		};
		D41984A263033AD41CE8BC8A /* [CP] Check Pods Manifest.lock */ = {
			isa = PBXShellScriptBuildPhase;
			buildActionMask = 2147483647;
			files = (
			);
			inputPaths = (
			);
			name = "[CP] Check Pods Manifest.lock";
			outputPaths = (
			);
			runOnlyForDeploymentPostprocessing = 0;
			shellPath = /bin/sh;
			shellScript = "diff \"${PODS_ROOT}/../Podfile.lock\" \"${PODS_ROOT}/Manifest.lock\" > /dev/null\nif [ $? != 0 ] ; then\n    # print error to STDERR\n    echo \"error: The sandbox is not in sync with the Podfile.lock. Run 'pod install' or update your CocoaPods installation.\" >&2\n    exit 1\nfi\n";
			showEnvVarsInLog = 0;
		};
		FEFE7E4A930561B1502E9C6C /* [CP] Embed Pods Frameworks */ = {
			isa = PBXShellScriptBuildPhase;
			buildActionMask = 2147483647;
			files = (
			);
			inputPaths = (
			);
			name = "[CP] Embed Pods Frameworks";
			outputPaths = (
			);
			runOnlyForDeploymentPostprocessing = 0;
			shellPath = /bin/sh;
			shellScript = "\"${SRCROOT}/Pods/Target Support Files/Pods-domei/Pods-domei-frameworks.sh\"\n";
			showEnvVarsInLog = 0;
		};
/* End PBXShellScriptBuildPhase section */

/* Begin PBXSourcesBuildPhase section */
		91AFC4761E8AA9730022D220 /* Sources */ = {
			isa = PBXSourcesBuildPhase;
			buildActionMask = 2147483647;
			files = (
				914A19671E8B69D60065BC76 /* FUICustomPasswordRecoveryViewController.swift in Sources */,
				914A19641E8B69D60065BC76 /* FUICustomAuthUIDelegate.swift in Sources */,
				914A196D1E8B69D60065BC76 /* FUICustomPasswordVerificationViewController.swift in Sources */,
				91DA98AE1E8D05E700801C59 /* LogViewController.swift in Sources */,
				914A19691E8B69D60065BC76 /* FUICustomPasswordSignInViewController.swift in Sources */,
				91947B301E8CACFC0083F268 /* TimerViewController.swift in Sources */,
				9195A5E41E966014002F3EB2 /* AddFriendViewCell.swift in Sources */,
				91AFC4B51E8AAD570022D220 /* MainViewController.swift in Sources */,
				91AB8A6E1E950C6800C09235 /* Util.swift in Sources */,
				91AB8A721E9554EA00C09235 /* AddFriendViewController.swift in Sources */,
				915D1C411E924ED800B790F7 /* CustomCell.swift in Sources */,
				91947B341E8CC9380083F268 /* TimerButton.swift in Sources */,
				914CB2FB1E8F876300600FE3 /* TimerLog.swift in Sources */,
				914A19621E8B69D60065BC76 /* FUICustomAuthPickerViewController.swift in Sources */,
				91F769C11E968250006D5463 /* HomeViewController.swift in Sources */,
				9195A5E01E95F228002F3EB2 /* EditUserViewController.swift in Sources */,
				9117005B1E94E74D0069CFF1 /* NewLogViewController.swift in Sources */,
				91947B321E8CC5CD0083F268 /* Constants.swift in Sources */,
				91F769C71E96BACA006D5463 /* Status.swift in Sources */,
				91AFC47E1E8AA9730022D220 /* AppDelegate.swift in Sources */,
				914A19651E8B69D60065BC76 /* FUICustomEmailEntryViewController.swift in Sources */,
				91AFC4861E8AA9740022D220 /* domei.xcdatamodeld in Sources */,
				91DA98AC1E8D02E200801C59 /* CellView.swift in Sources */,
				91F769C31E96835A006D5463 /* MainCell.swift in Sources */,
				914A19611E8B69D60065BC76 /* FUIAuthViewController.swift in Sources */,
				91AB8A741E95551500C09235 /* UserViewController.swift in Sources */,
				914A196B1E8B69D60065BC76 /* FUICustomPasswordSignUpViewController.swift in Sources */,
				91AB8A701E954A6D00C09235 /* User.swift in Sources */,
				91AB8A761E95553F00C09235 /* ViewFriendsViewController.swift in Sources */,
			);
			runOnlyForDeploymentPostprocessing = 0;
		};
/* End PBXSourcesBuildPhase section */

/* Begin PBXVariantGroup section */
		91AFC4811E8AA9730022D220 /* Main.storyboard */ = {
			isa = PBXVariantGroup;
			children = (
				91AFC4821E8AA9730022D220 /* Base */,
			);
			name = Main.storyboard;
			sourceTree = "<group>";
		};
		91AFC4891E8AA9740022D220 /* LaunchScreen.storyboard */ = {
			isa = PBXVariantGroup;
			children = (
				91AFC48A1E8AA9740022D220 /* Base */,
			);
			name = LaunchScreen.storyboard;
			sourceTree = "<group>";
		};
/* End PBXVariantGroup section */

/* Begin XCBuildConfiguration section */
		91AFC48D1E8AA9740022D220 /* Debug */ = {
			isa = XCBuildConfiguration;
			buildSettings = {
				ALWAYS_SEARCH_USER_PATHS = NO;
				CLANG_ANALYZER_NONNULL = YES;
				CLANG_CXX_LANGUAGE_STANDARD = "gnu++0x";
				CLANG_CXX_LIBRARY = "libc++";
				CLANG_ENABLE_MODULES = YES;
				CLANG_ENABLE_OBJC_ARC = YES;
				CLANG_WARN_BOOL_CONVERSION = YES;
				CLANG_WARN_CONSTANT_CONVERSION = YES;
				CLANG_WARN_DIRECT_OBJC_ISA_USAGE = YES_ERROR;
				CLANG_WARN_DOCUMENTATION_COMMENTS = YES;
				CLANG_WARN_EMPTY_BODY = YES;
				CLANG_WARN_ENUM_CONVERSION = YES;
				CLANG_WARN_INFINITE_RECURSION = YES;
				CLANG_WARN_INT_CONVERSION = YES;
				CLANG_WARN_OBJC_ROOT_CLASS = YES_ERROR;
				CLANG_WARN_SUSPICIOUS_MOVE = YES;
				CLANG_WARN_UNREACHABLE_CODE = YES;
				CLANG_WARN__DUPLICATE_METHOD_MATCH = YES;
				"CODE_SIGN_IDENTITY[sdk=iphoneos*]" = "iPhone Developer";
				COPY_PHASE_STRIP = NO;
				DEBUG_INFORMATION_FORMAT = dwarf;
				ENABLE_STRICT_OBJC_MSGSEND = YES;
				ENABLE_TESTABILITY = YES;
				GCC_C_LANGUAGE_STANDARD = gnu99;
				GCC_DYNAMIC_NO_PIC = NO;
				GCC_NO_COMMON_BLOCKS = YES;
				GCC_OPTIMIZATION_LEVEL = 0;
				GCC_PREPROCESSOR_DEFINITIONS = (
					"DEBUG=1",
					"$(inherited)",
				);
				GCC_WARN_64_TO_32_BIT_CONVERSION = YES;
				GCC_WARN_ABOUT_RETURN_TYPE = YES_ERROR;
				GCC_WARN_UNDECLARED_SELECTOR = YES;
				GCC_WARN_UNINITIALIZED_AUTOS = YES_AGGRESSIVE;
				GCC_WARN_UNUSED_FUNCTION = YES;
				GCC_WARN_UNUSED_VARIABLE = YES;
				IPHONEOS_DEPLOYMENT_TARGET = 10.2;
				MTL_ENABLE_DEBUG_INFO = YES;
				ONLY_ACTIVE_ARCH = YES;
				SDKROOT = iphoneos;
				SWIFT_ACTIVE_COMPILATION_CONDITIONS = DEBUG;
				SWIFT_OPTIMIZATION_LEVEL = "-Onone";
				TARGETED_DEVICE_FAMILY = "1,2";
			};
			name = Debug;
		};
		91AFC48E1E8AA9740022D220 /* Release */ = {
			isa = XCBuildConfiguration;
			buildSettings = {
				ALWAYS_SEARCH_USER_PATHS = NO;
				CLANG_ANALYZER_NONNULL = YES;
				CLANG_CXX_LANGUAGE_STANDARD = "gnu++0x";
				CLANG_CXX_LIBRARY = "libc++";
				CLANG_ENABLE_MODULES = YES;
				CLANG_ENABLE_OBJC_ARC = YES;
				CLANG_WARN_BOOL_CONVERSION = YES;
				CLANG_WARN_CONSTANT_CONVERSION = YES;
				CLANG_WARN_DIRECT_OBJC_ISA_USAGE = YES_ERROR;
				CLANG_WARN_DOCUMENTATION_COMMENTS = YES;
				CLANG_WARN_EMPTY_BODY = YES;
				CLANG_WARN_ENUM_CONVERSION = YES;
				CLANG_WARN_INFINITE_RECURSION = YES;
				CLANG_WARN_INT_CONVERSION = YES;
				CLANG_WARN_OBJC_ROOT_CLASS = YES_ERROR;
				CLANG_WARN_SUSPICIOUS_MOVE = YES;
				CLANG_WARN_UNREACHABLE_CODE = YES;
				CLANG_WARN__DUPLICATE_METHOD_MATCH = YES;
				"CODE_SIGN_IDENTITY[sdk=iphoneos*]" = "iPhone Developer";
				COPY_PHASE_STRIP = NO;
				DEBUG_INFORMATION_FORMAT = "dwarf-with-dsym";
				ENABLE_NS_ASSERTIONS = NO;
				ENABLE_STRICT_OBJC_MSGSEND = YES;
				GCC_C_LANGUAGE_STANDARD = gnu99;
				GCC_NO_COMMON_BLOCKS = YES;
				GCC_WARN_64_TO_32_BIT_CONVERSION = YES;
				GCC_WARN_ABOUT_RETURN_TYPE = YES_ERROR;
				GCC_WARN_UNDECLARED_SELECTOR = YES;
				GCC_WARN_UNINITIALIZED_AUTOS = YES_AGGRESSIVE;
				GCC_WARN_UNUSED_FUNCTION = YES;
				GCC_WARN_UNUSED_VARIABLE = YES;
				IPHONEOS_DEPLOYMENT_TARGET = 10.2;
				MTL_ENABLE_DEBUG_INFO = NO;
				SDKROOT = iphoneos;
				SWIFT_OPTIMIZATION_LEVEL = "-Owholemodule";
				TARGETED_DEVICE_FAMILY = "1,2";
				VALIDATE_PRODUCT = YES;
			};
			name = Release;
		};
		91AFC4901E8AA9740022D220 /* Debug */ = {
			isa = XCBuildConfiguration;
			baseConfigurationReference = D8A9C3760DBA3043E4DB46F4 /* Pods-domei.debug.xcconfig */;
			buildSettings = {
				ASSETCATALOG_COMPILER_APPICON_NAME = AppIcon;
				CODE_SIGN_ENTITLEMENTS = domei/domei.entitlements;
				DEVELOPMENT_TEAM = JEQYEJ6K3Z;
				FRAMEWORK_SEARCH_PATHS = (
					"$(inherited)",
					"$(PROJECT_DIR)/Pods/FirebaseUI/FirebaseUIFrameworks/FirebaseAuthUI/Frameworks",
				);
				INFOPLIST_FILE = domei/Info.plist;
				LD_RUNPATH_SEARCH_PATHS = "$(inherited) @executable_path/Frameworks";
				PRODUCT_BUNDLE_IDENTIFIER = com.clifftanaka.domei;
				PRODUCT_NAME = "$(TARGET_NAME)";
				SWIFT_VERSION = 3.0;
			};
			name = Debug;
		};
		91AFC4911E8AA9740022D220 /* Release */ = {
			isa = XCBuildConfiguration;
			baseConfigurationReference = 36DDD712208C8363FF49AF4F /* Pods-domei.release.xcconfig */;
			buildSettings = {
				ASSETCATALOG_COMPILER_APPICON_NAME = AppIcon;
				CODE_SIGN_ENTITLEMENTS = domei/domei.entitlements;
				DEVELOPMENT_TEAM = JEQYEJ6K3Z;
				FRAMEWORK_SEARCH_PATHS = (
					"$(inherited)",
					"$(PROJECT_DIR)/Pods/FirebaseUI/FirebaseUIFrameworks/FirebaseAuthUI/Frameworks",
				);
				INFOPLIST_FILE = domei/Info.plist;
				LD_RUNPATH_SEARCH_PATHS = "$(inherited) @executable_path/Frameworks";
				PRODUCT_BUNDLE_IDENTIFIER = com.clifftanaka.domei;
				PRODUCT_NAME = "$(TARGET_NAME)";
				SWIFT_VERSION = 3.0;
			};
			name = Release;
		};
/* End XCBuildConfiguration section */

/* Begin XCConfigurationList section */
		91AFC4751E8AA9730022D220 /* Build configuration list for PBXProject "domei" */ = {
			isa = XCConfigurationList;
			buildConfigurations = (
				91AFC48D1E8AA9740022D220 /* Debug */,
				91AFC48E1E8AA9740022D220 /* Release */,
			);
			defaultConfigurationIsVisible = 0;
			defaultConfigurationName = Release;
		};
		91AFC48F1E8AA9740022D220 /* Build configuration list for PBXNativeTarget "domei" */ = {
			isa = XCConfigurationList;
			buildConfigurations = (
				91AFC4901E8AA9740022D220 /* Debug */,
				91AFC4911E8AA9740022D220 /* Release */,
			);
			defaultConfigurationIsVisible = 0;
			defaultConfigurationName = Release;
		};
/* End XCConfigurationList section */

/* Begin XCVersionGroup section */
		91AFC4841E8AA9730022D220 /* domei.xcdatamodeld */ = {
			isa = XCVersionGroup;
			children = (
				91AFC4851E8AA9730022D220 /* domei.xcdatamodel */,
			);
			currentVersion = 91AFC4851E8AA9730022D220 /* domei.xcdatamodel */;
			path = domei.xcdatamodeld;
			sourceTree = "<group>";
			versionGroupType = wrapper.xcdatamodel;
		};
/* End XCVersionGroup section */
	};
	rootObject = 91AFC4721E8AA9730022D220 /* Project object */;
}
